{
  "name": "ssunibug-contacts",
  "lockfileVersion": 3,
  "requires": true,
  "packages": {
    "": {
      "dependencies": {
        "@kaiachain/contracts": "^1.0.1"
      }
    },
    "node_modules/@kaiachain/contracts": {
      "version": "1.0.1",
      "resolved": "https://registry.npmjs.org/@kaiachain/contracts/-/contracts-1.0.1.tgz",
      "integrity": "sha512-+w3VQJv++UvJHukpQXnma8FlYPATfxtH2C9peod9aeAgfR4co2M+QXs8HSpbWu/yJNOamcjG7QNSp5Bq99qnbw=="
    }
  }
}
